// !$*UTF8*$!
{
	archiveVersion = 1;
	classes = {
	};
	objectVersion = 46;
	objects = {

/* Begin PBXBuildFile section */
		18AD8DD31DDCAA4C00E15EC0 /* main.c in Sources */ = {isa = PBXBuildFile; fileRef = 18AD8DD21DDCAA4C00E15EC0 /* main.c */; };
/* End PBXBuildFile section */

/* Begin PBXCopyFilesBuildPhase section */
		18AD8DCD1DDCAA4C00E15EC0 /* CopyFiles */ = {
			isa = PBXCopyFilesBuildPhase;
			buildActionMask = 2147483647;
			dstPath = /usr/share/man/man1/;
			dstSubfolderSpec = 0;
			files = (
			);
			runOnlyForDeploymentPostprocessing = 1;
		};
/* End PBXCopyFilesBuildPhase section */

/* Begin PBXFileReference section */
		18AD8DCF1DDCAA4C00E15EC0 /* HuffmanTree */ = {isa = PBXFileReference; explicitFileType = "compiled.mach-o.executable"; includeInIndex = 0; path = HuffmanTree; sourceTree = BUILT_PRODUCTS_DIR; };
		18AD8DD21DDCAA4C00E15EC0 /* main.c */ = {isa = PBXFileReference; lastKnownFileType = sourcecode.c.c; path = main.c; sourceTree = "<group>"; };
/* End PBXFileReference section */

/* Begin PBXFrameworksBuildPhase section */
		18AD8DCC1DDCAA4C00E15EC0 /* Frameworks */ = {
			isa = PBXFrameworksBuildPhase;
			buildActionMask = 2147483647;
			files = (
			);
			runOnlyForDeploymentPostprocessing = 0;
		};
/* End PBXFrameworksBuildPhase section */

/* Begin PBXGroup section */
		18AD8DC61DDCAA4C00E15EC0 = {
			isa = PBXGroup;
			children = (
				18AD8DD11DDCAA4C00E15EC0 /* HuffmanTree */,
				18AD8DD01DDCAA4C00E15EC0 /* Products */,
			);
			sourceTree = "<group>";
		};
		18AD8DD01DDCAA4C00E15EC0 /* Products */ = {
			isa = PBXGroup;
			children = (
				18AD8DCF1DDCAA4C00E15EC0 /* HuffmanTree */,
			);
			name = Products;
			sourceTree = "<group>";
		};
		18AD8DD11DDCAA4C00E15EC0 /* HuffmanTree */ = {
			isa = PBXGroup;
			children = (
				18AD8DD21DDCAA4C00E15EC0 /* main.c */,
			);
			path = HuffmanTree;
			sourceTree = "<group>";
		};
/* End PBXGroup section */

/* Begin PBXNativeTarget section */
		18AD8DCE1DDCAA4C00E15EC0 /* HuffmanTree */ = {
			isa = PBXNativeTarget;
			buildConfigurationList = 18AD8DD61DDCAA4C00E15EC0 /* Build configuration list for PBXNativeTarget "HuffmanTree" */;
			buildPhases = (
				18AD8DCB1DDCAA4C00E15EC0 /* Sources */,
				18AD8DCC1DDCAA4C00E15EC0 /* Frameworks */,
				18AD8DCD1DDCAA4C00E15EC0 /* CopyFiles */,
			);
			buildRules = (
			);
			dependencies = (
			);
			name = HuffmanTree;
			productName = HuffmanTree;
			productReference = 18AD8DCF1DDCAA4C00E15EC0 /* HuffmanTree */;
			productType = "com.apple.product-type.tool";
		};
/* End PBXNativeTarget section */

/* Begin PBXProject section */
		18AD8DC71DDCAA4C00E15EC0 /* Project object */ = {
			isa = PBXProject;
			attributes = {
				LastUpgradeCheck = 0800;
				ORGANIZATIONNAME = apple;
				TargetAttributes = {
					18AD8DCE1DDCAA4C00E15EC0 = {
						CreatedOnToolsVersion = 8.0;
						DevelopmentTeam = F2QSDY2JN7;
						ProvisioningStyle = Automatic;
					};
				};
			};
			buildConfigurationList = 18AD8DCA1DDCAA4C00E15EC0 /* Build configuration list for PBXProject "HuffmanTree" */;
			compatibilityVersion = "Xcode 3.2";
			developmentRegion = English;
			hasScannedForEncodings = 0;
			knownRegions = (
				en,
			);
			mainGroup = 18AD8DC61DDCAA4C00E15EC0;
			productRefGroup = 18AD8DD01DDCAA4C00E15EC0 /* Products */;
			projectDirPath = "";
			projectRoot = "";
			targets = (
				18AD8DCE1DDCAA4C00E15EC0 /* HuffmanTree */,
			);
		};
/* End PBXProject section */

/* Begin PBXSourcesBuildPhase section */
		18AD8DCB1DDCAA4C00E15EC0 /* Sources */ = {
			isa = PBXSourcesBuildPhase;
			buildActionMask = 2147483647;
			files = (
				18AD8DD31DDCAA4C00E15EC0 /* main.c in Sources */,
			);
			runOnlyForDeploymentPostprocessing = 0;
		};
/* End PBXSourcesBuildPhase section */

/* Begin XCBuildConfiguration section */
		18AD8DD41DDCAA4C00E15EC0 /* Debug */ = {
			isa = XCBuildConfiguration;
			buildSettings = {
				ALWAYS_SEARCH_USER_PATHS = NO;
				CLANG_ANALYZER_NONNULL = YES;
				CLANG_CXX_LANGUAGE_STANDARD = "gnu++0x";
				CLANG_CXX_LIBRARY = "libc++";
				CLANG_ENABLE_MODULES = YES;
				CLANG_ENABLE_OBJC_ARC = YES;
				CLANG_WARN_BOOL_CONVERSION = YES;
				CLANG_WARN_CONSTANT_CONVERSION = YES;
				CLANG_WARN_DIRECT_OBJC_ISA_USAGE = YES_ERROR;
				CLANG_WARN_DOCUMENTATION_COMMENTS = YES;
				CLANG_WARN_EMPTY_BODY = YES;
				CLANG_WARN_ENUM_CONVERSION = YES;
				CLANG_WARN_INFINITE_RECURSION = YES;
				CLANG_WARN_INT_CONVERSION = YES;
				CLANG_WARN_OBJC_ROOT_CLASS = YES_ERROR;
				CLANG_WARN_SUSPICIOUS_MOVES = YES;
				CLANG_WARN_UNREACHABLE_CODE = YES;
				CLANG_WARN__DUPLICATE_METHOD_MATCH = YES;
				CODE_SIGN_IDENTITY = "-";
				COPY_PHASE_STRIP = NO;
				DEBUG_INFORMATION_FORMAT = dwarf;
				ENABLE_STRICT_OBJC_MSGSEND = YES;
				ENABLE_TESTABILITY = YES;
				GCC_C_LANGUAGE_STANDARD = gnu99;
				GCC_DYNAMIC_NO_PIC = NO;
				GCC_NO_COMMON_BLOCKS = YES;
				GCC_OPTIMIZATION_LEVEL = 0;
				GCC_PREPROCESSOR_DEFINITIONS = (
					"DEBUG=1",
					"$(inherited)",
				);
				GCC_WARN_64_TO_32_BIT_CONVERSION = YES;
				GCC_WARN_ABOUT_RETURN_TYPE = YES_ERROR;
				GCC_WARN_UNDECLARED_SELECTOR = YES;
				GCC_WARN_UNINITIALIZED_AUTOS = YES_AGGRESSIVE;
				GCC_WARN_UNUSED_FUNCTION = YES;
				GCC_WARN_UNUSED_VARIABLE = YES;
				MACOSX_DEPLOYMENT_TARGET = 10.11;
				MTL_ENABLE_DEBUG_INFO = YES;
				ONLY_ACTIVE_ARCH = YES;
				SDKROOT = macosx;
			};
			name = Debug;
		};
		18AD8DD51DDCAA4C00E15EC0 /* Release */ = {
			isa = XCBuildConfiguration;
			buildSettings = {
				ALWAYS_SEARCH_USER_PATHS = NO;
				CLANG_ANALYZER_NONNULL = YES;
				CLANG_CXX_LANGUAGE_STANDARD = "gnu++0x";
				CLANG_CXX_LIBRARY = "libc++";
				CLANG_ENABLE_MODULES = YES;
				CLANG_ENABLE_OBJC_ARC = YES;
				CLANG_WARN_BOOL_CONVERSION = YES;
				CLANG_WARN_CONSTANT_CONVERSION = YES;
				CLANG_WARN_DIRECT_OBJC_ISA_USAGE = YES_ERROR;
				CLANG_WARN_DOCUMENTATION_COMMENTS = YES;
				CLANG_WARN_EMPTY_BODY = YES;
				CLANG_WARN_ENUM_CONVERSION = YES;
				CLANG_WARN_INFINITE_RECURSION = YES;
				CLANG_WARN_INT_CONVERSION = YES;
				CLANG_WARN_OBJC_ROOT_CLASS = YES_ERROR;
				CLANG_WARN_SUSPICIOUS_MOVES = YES;
				CLANG_WARN_UNREACHABLE_CODE = YES;
				CLANG_WARN__DUPLICATE_METHOD_MATCH = YES;
				CODE_SIGN_IDENTITY = "-";
				COPY_PHASE_STRIP = NO;
				DEBUG_INFORMATION_FORMAT = "dwarf-with-dsym";
				ENABLE_NS_ASSERTIONS = NO;
				ENABLE_STRICT_OBJC_MSGSEND = YES;
				GCC_C_LANGUAGE_STANDARD = gnu99;
				GCC_NO_COMMON_BLOCKS = YES;
				GCC_WARN_64_TO_32_BIT_CONVERSION = YES;
				GCC_WARN_ABOUT_RETURN_TYPE = YES_ERROR;
				GCC_WARN_UNDECLARED_SELECTOR = YES;
				GCC_WARN_UNINITIALIZED_AUTOS = YES_AGGRESSIVE;
				GCC_WARN_UNUSED_FUNCTION = YES;
				GCC_WARN_UNUSED_VARIABLE = YES;
				MACOSX_DEPLOYMENT_TARGET = 10.11;
				MTL_ENABLE_DEBUG_INFO = NO;
				SDKROOT = macosx;
			};
			name = Release;
		};
		18AD8DD71DDCAA4C00E15EC0 /* Debug */ = {
			isa = XCBuildConfiguration;
			buildSettings = {
				DEVELOPMENT_TEAM = F2QSDY2JN7;
				PRODUCT_NAME = "$(TARGET_NAME)";
			};
			name = Debug;
		};
		18AD8DD81DDCAA4C00E15EC0 /* Release */ = {
			isa = XCBuildConfiguration;
			buildSettings = {
				DEVELOPMENT_TEAM = F2QSDY2JN7;
				PRODUCT_NAME = "$(TARGET_NAME)";
			};
			name = Release;
		};
/* End XCBuildConfiguration section */

/* Begin XCConfigurationList section */
		18AD8DCA1DDCAA4C00E15EC0 /* Build configuration list for PBXProject "HuffmanTree" */ = {
			isa = XCConfigurationList;
			buildConfigurations = (
				18AD8DD41DDCAA4C00E15EC0 /* Debug */,
				18AD8DD51DDCAA4C00E15EC0 /* Release */,
			);
			defaultConfigurationIsVisible = 0;
			defaultConfigurationName = Release;
		};
		18AD8DD61DDCAA4C00E15EC0 /* Build configuration list for PBXNativeTarget "HuffmanTree" */ = {
			isa = XCConfigurationList;
			buildConfigurations = (
				18AD8DD71DDCAA4C00E15EC0 /* Debug */,
				18AD8DD81DDCAA4C00E15EC0 /* Release */,
			);
			defaultConfigurationIsVisible = 0;
		};
/* End XCConfigurationList section */
	};
	rootObject = 18AD8DC71DDCAA4C00E15EC0 /* Project object */;
}
