// !$*UTF8*$!
{
	archiveVersion = 1;
	classes = {
	};
	objectVersion = 46;
	objects = {

/* Begin PBXBuildFile section */
		184938E31DCA3629009B4B6F /* main.c in Sources */ = {isa = PBXBuildFile; fileRef = 184938E21DCA3629009B4B6F /* main.c */; };
		184938EB1DCA3743009B4B6F /* SeqQueue.c in Sources */ = {isa = PBXBuildFile; fileRef = 184938E91DCA3743009B4B6F /* SeqQueue.c */; };
		184938EE1DCA55CF009B4B6F /* CycQueue.c in Sources */ = {isa = PBXBuildFile; fileRef = 184938EC1DCA55CF009B4B6F /* CycQueue.c */; };
		1871A7EB1DCB6CB600F65C0D /* SeqStack.c in Sources */ = {isa = PBXBuildFile; fileRef = 1871A7E91DCB6CB600F65C0D /* SeqStack.c */; };
		18CB23F81DCF193300BC20D5 /* BankQueue.c in Sources */ = {isa = PBXBuildFile; fileRef = 18CB23F61DCF193300BC20D5 /* BankQueue.c */; };
		18CB23FB1DCF1A5800BC20D5 /* bracketStack.c in Sources */ = {isa = PBXBuildFile; fileRef = 18CB23F91DCF1A5800BC20D5 /* bracketStack.c */; };
/* End PBXBuildFile section */

/* Begin PBXCopyFilesBuildPhase section */
		184938DD1DCA3629009B4B6F /* CopyFiles */ = {
			isa = PBXCopyFilesBuildPhase;
			buildActionMask = 2147483647;
			dstPath = /usr/share/man/man1/;
			dstSubfolderSpec = 0;
			files = (
			);
			runOnlyForDeploymentPostprocessing = 1;
		};
/* End PBXCopyFilesBuildPhase section */

/* Begin PBXFileReference section */
		184938DF1DCA3629009B4B6F /* chapt_2_2 */ = {isa = PBXFileReference; explicitFileType = "compiled.mach-o.executable"; includeInIndex = 0; path = chapt_2_2; sourceTree = BUILT_PRODUCTS_DIR; };
		184938E21DCA3629009B4B6F /* main.c */ = {isa = PBXFileReference; lastKnownFileType = sourcecode.c.c; path = main.c; sourceTree = "<group>"; };
		184938E91DCA3743009B4B6F /* SeqQueue.c */ = {isa = PBXFileReference; fileEncoding = 4; lastKnownFileType = sourcecode.c.c; name = SeqQueue.c; path = ../SeqQueue.c; sourceTree = "<group>"; };
		184938EA1DCA3743009B4B6F /* SeqQueue.h */ = {isa = PBXFileReference; fileEncoding = 4; lastKnownFileType = sourcecode.c.h; name = SeqQueue.h; path = ../SeqQueue.h; sourceTree = "<group>"; };
		184938EC1DCA55CF009B4B6F /* CycQueue.c */ = {isa = PBXFileReference; fileEncoding = 4; lastKnownFileType = sourcecode.c.c; name = CycQueue.c; path = ../CycQueue.c; sourceTree = "<group>"; };
		184938ED1DCA55CF009B4B6F /* CycQueue.h */ = {isa = PBXFileReference; fileEncoding = 4; lastKnownFileType = sourcecode.c.h; name = CycQueue.h; path = ../CycQueue.h; sourceTree = "<group>"; };
		1871A7E91DCB6CB600F65C0D /* SeqStack.c */ = {isa = PBXFileReference; fileEncoding = 4; lastKnownFileType = sourcecode.c.c; name = SeqStack.c; path = ../SeqStack.c; sourceTree = "<group>"; };
		1871A7EA1DCB6CB600F65C0D /* SeqStack.h */ = {isa = PBXFileReference; fileEncoding = 4; lastKnownFileType = sourcecode.c.h; name = SeqStack.h; path = ../SeqStack.h; sourceTree = "<group>"; };
		18CB23F61DCF193300BC20D5 /* BankQueue.c */ = {isa = PBXFileReference; fileEncoding = 4; lastKnownFileType = sourcecode.c.c; path = BankQueue.c; sourceTree = "<group>"; };
		18CB23F71DCF193300BC20D5 /* BankQueue.h */ = {isa = PBXFileReference; fileEncoding = 4; lastKnownFileType = sourcecode.c.h; path = BankQueue.h; sourceTree = "<group>"; };
		18CB23F91DCF1A5800BC20D5 /* bracketStack.c */ = {isa = PBXFileReference; fileEncoding = 4; lastKnownFileType = sourcecode.c.c; path = bracketStack.c; sourceTree = "<group>"; };
		18CB23FA1DCF1A5800BC20D5 /* bracketStack.h */ = {isa = PBXFileReference; fileEncoding = 4; lastKnownFileType = sourcecode.c.h; path = bracketStack.h; sourceTree = "<group>"; };
/* End PBXFileReference section */

/* Begin PBXFrameworksBuildPhase section */
		184938DC1DCA3629009B4B6F /* Frameworks */ = {
			isa = PBXFrameworksBuildPhase;
			buildActionMask = 2147483647;
			files = (
			);
			runOnlyForDeploymentPostprocessing = 0;
		};
/* End PBXFrameworksBuildPhase section */

/* Begin PBXGroup section */
		184938D61DCA3629009B4B6F = {
			isa = PBXGroup;
			children = (
				184938E11DCA3629009B4B6F /* chapt_2_2 */,
				184938E01DCA3629009B4B6F /* Products */,
			);
			sourceTree = "<group>";
		};
		184938E01DCA3629009B4B6F /* Products */ = {
			isa = PBXGroup;
			children = (
				184938DF1DCA3629009B4B6F /* chapt_2_2 */,
			);
			name = Products;
			sourceTree = "<group>";
		};
		184938E11DCA3629009B4B6F /* chapt_2_2 */ = {
			isa = PBXGroup;
			children = (
				1871A7E91DCB6CB600F65C0D /* SeqStack.c */,
				1871A7EA1DCB6CB600F65C0D /* SeqStack.h */,
				184938EC1DCA55CF009B4B6F /* CycQueue.c */,
				184938ED1DCA55CF009B4B6F /* CycQueue.h */,
				184938EA1DCA3743009B4B6F /* SeqQueue.h */,
				184938E91DCA3743009B4B6F /* SeqQueue.c */,
				184938E21DCA3629009B4B6F /* main.c */,
				18CB23F61DCF193300BC20D5 /* BankQueue.c */,
				18CB23F71DCF193300BC20D5 /* BankQueue.h */,
				18CB23F91DCF1A5800BC20D5 /* bracketStack.c */,
				18CB23FA1DCF1A5800BC20D5 /* bracketStack.h */,
			);
			path = chapt_2_2;
			sourceTree = "<group>";
		};
/* End PBXGroup section */

/* Begin PBXNativeTarget section */
		184938DE1DCA3629009B4B6F /* chapt_2_2 */ = {
			isa = PBXNativeTarget;
			buildConfigurationList = 184938E61DCA3629009B4B6F /* Build configuration list for PBXNativeTarget "chapt_2_2" */;
			buildPhases = (
				184938DB1DCA3629009B4B6F /* Sources */,
				184938DC1DCA3629009B4B6F /* Frameworks */,
				184938DD1DCA3629009B4B6F /* CopyFiles */,
			);
			buildRules = (
			);
			dependencies = (
			);
			name = chapt_2_2;
			productName = chapt_2_2;
			productReference = 184938DF1DCA3629009B4B6F /* chapt_2_2 */;
			productType = "com.apple.product-type.tool";
		};
/* End PBXNativeTarget section */

/* Begin PBXProject section */
		184938D71DCA3629009B4B6F /* Project object */ = {
			isa = PBXProject;
			attributes = {
				LastUpgradeCheck = 0800;
				ORGANIZATIONNAME = apple;
				TargetAttributes = {
					184938DE1DCA3629009B4B6F = {
						CreatedOnToolsVersion = 8.0;
						DevelopmentTeam = F2QSDY2JN7;
						ProvisioningStyle = Automatic;
					};
				};
			};
			buildConfigurationList = 184938DA1DCA3629009B4B6F /* Build configuration list for PBXProject "chapt_2_2" */;
			compatibilityVersion = "Xcode 3.2";
			developmentRegion = English;
			hasScannedForEncodings = 0;
			knownRegions = (
				en,
			);
			mainGroup = 184938D61DCA3629009B4B6F;
			productRefGroup = 184938E01DCA3629009B4B6F /* Products */;
			projectDirPath = "";
			projectRoot = "";
			targets = (
				184938DE1DCA3629009B4B6F /* chapt_2_2 */,
			);
		};
/* End PBXProject section */

/* Begin PBXSourcesBuildPhase section */
		184938DB1DCA3629009B4B6F /* Sources */ = {
			isa = PBXSourcesBuildPhase;
			buildActionMask = 2147483647;
			files = (
				184938E31DCA3629009B4B6F /* main.c in Sources */,
				18CB23FB1DCF1A5800BC20D5 /* bracketStack.c in Sources */,
				184938EB1DCA3743009B4B6F /* SeqQueue.c in Sources */,
				18CB23F81DCF193300BC20D5 /* BankQueue.c in Sources */,
				1871A7EB1DCB6CB600F65C0D /* SeqStack.c in Sources */,
				184938EE1DCA55CF009B4B6F /* CycQueue.c in Sources */,
			);
			runOnlyForDeploymentPostprocessing = 0;
		};
/* End PBXSourcesBuildPhase section */

/* Begin XCBuildConfiguration section */
		184938E41DCA3629009B4B6F /* Debug */ = {
			isa = XCBuildConfiguration;
			buildSettings = {
				ALWAYS_SEARCH_USER_PATHS = NO;
				CLANG_ANALYZER_NONNULL = YES;
				CLANG_CXX_LANGUAGE_STANDARD = "gnu++0x";
				CLANG_CXX_LIBRARY = "libc++";
				CLANG_ENABLE_MODULES = YES;
				CLANG_ENABLE_OBJC_ARC = YES;
				CLANG_WARN_BOOL_CONVERSION = YES;
				CLANG_WARN_CONSTANT_CONVERSION = YES;
				CLANG_WARN_DIRECT_OBJC_ISA_USAGE = YES_ERROR;
				CLANG_WARN_DOCUMENTATION_COMMENTS = YES;
				CLANG_WARN_EMPTY_BODY = YES;
				CLANG_WARN_ENUM_CONVERSION = YES;
				CLANG_WARN_INFINITE_RECURSION = YES;
				CLANG_WARN_INT_CONVERSION = YES;
				CLANG_WARN_OBJC_ROOT_CLASS = YES_ERROR;
				CLANG_WARN_SUSPICIOUS_MOVES = YES;
				CLANG_WARN_UNREACHABLE_CODE = YES;
				CLANG_WARN__DUPLICATE_METHOD_MATCH = YES;
				CODE_SIGN_IDENTITY = "-";
				COPY_PHASE_STRIP = NO;
				DEBUG_INFORMATION_FORMAT = dwarf;
				ENABLE_STRICT_OBJC_MSGSEND = YES;
				ENABLE_TESTABILITY = YES;
				GCC_C_LANGUAGE_STANDARD = gnu99;
				GCC_DYNAMIC_NO_PIC = NO;
				GCC_NO_COMMON_BLOCKS = YES;
				GCC_OPTIMIZATION_LEVEL = 0;
				GCC_PREPROCESSOR_DEFINITIONS = (
					"DEBUG=1",
					"$(inherited)",
				);
				GCC_WARN_64_TO_32_BIT_CONVERSION = YES;
				GCC_WARN_ABOUT_RETURN_TYPE = YES_ERROR;
				GCC_WARN_UNDECLARED_SELECTOR = YES;
				GCC_WARN_UNINITIALIZED_AUTOS = YES_AGGRESSIVE;
				GCC_WARN_UNUSED_FUNCTION = YES;
				GCC_WARN_UNUSED_VARIABLE = YES;
				MACOSX_DEPLOYMENT_TARGET = 10.11;
				MTL_ENABLE_DEBUG_INFO = YES;
				ONLY_ACTIVE_ARCH = YES;
				SDKROOT = macosx;
			};
			name = Debug;
		};
		184938E51DCA3629009B4B6F /* Release */ = {
			isa = XCBuildConfiguration;
			buildSettings = {
				ALWAYS_SEARCH_USER_PATHS = NO;
				CLANG_ANALYZER_NONNULL = YES;
				CLANG_CXX_LANGUAGE_STANDARD = "gnu++0x";
				CLANG_CXX_LIBRARY = "libc++";
				CLANG_ENABLE_MODULES = YES;
				CLANG_ENABLE_OBJC_ARC = YES;
				CLANG_WARN_BOOL_CONVERSION = YES;
				CLANG_WARN_CONSTANT_CONVERSION = YES;
				CLANG_WARN_DIRECT_OBJC_ISA_USAGE = YES_ERROR;
				CLANG_WARN_DOCUMENTATION_COMMENTS = YES;
				CLANG_WARN_EMPTY_BODY = YES;
				CLANG_WARN_ENUM_CONVERSION = YES;
				CLANG_WARN_INFINITE_RECURSION = YES;
				CLANG_WARN_INT_CONVERSION = YES;
				CLANG_WARN_OBJC_ROOT_CLASS = YES_ERROR;
				CLANG_WARN_SUSPICIOUS_MOVES = YES;
				CLANG_WARN_UNREACHABLE_CODE = YES;
				CLANG_WARN__DUPLICATE_METHOD_MATCH = YES;
				CODE_SIGN_IDENTITY = "-";
				COPY_PHASE_STRIP = NO;
				DEBUG_INFORMATION_FORMAT = "dwarf-with-dsym";
				ENABLE_NS_ASSERTIONS = NO;
				ENABLE_STRICT_OBJC_MSGSEND = YES;
				GCC_C_LANGUAGE_STANDARD = gnu99;
				GCC_NO_COMMON_BLOCKS = YES;
				GCC_WARN_64_TO_32_BIT_CONVERSION = YES;
				GCC_WARN_ABOUT_RETURN_TYPE = YES_ERROR;
				GCC_WARN_UNDECLARED_SELECTOR = YES;
				GCC_WARN_UNINITIALIZED_AUTOS = YES_AGGRESSIVE;
				GCC_WARN_UNUSED_FUNCTION = YES;
				GCC_WARN_UNUSED_VARIABLE = YES;
				MACOSX_DEPLOYMENT_TARGET = 10.11;
				MTL_ENABLE_DEBUG_INFO = NO;
				SDKROOT = macosx;
			};
			name = Release;
		};
		184938E71DCA3629009B4B6F /* Debug */ = {
			isa = XCBuildConfiguration;
			buildSettings = {
				DEVELOPMENT_TEAM = F2QSDY2JN7;
				PRODUCT_NAME = "$(TARGET_NAME)";
			};
			name = Debug;
		};
		184938E81DCA3629009B4B6F /* Release */ = {
			isa = XCBuildConfiguration;
			buildSettings = {
				DEVELOPMENT_TEAM = F2QSDY2JN7;
				PRODUCT_NAME = "$(TARGET_NAME)";
			};
			name = Release;
		};
/* End XCBuildConfiguration section */

/* Begin XCConfigurationList section */
		184938DA1DCA3629009B4B6F /* Build configuration list for PBXProject "chapt_2_2" */ = {
			isa = XCConfigurationList;
			buildConfigurations = (
				184938E41DCA3629009B4B6F /* Debug */,
				184938E51DCA3629009B4B6F /* Release */,
			);
			defaultConfigurationIsVisible = 0;
			defaultConfigurationName = Release;
		};
		184938E61DCA3629009B4B6F /* Build configuration list for PBXNativeTarget "chapt_2_2" */ = {
			isa = XCConfigurationList;
			buildConfigurations = (
				184938E71DCA3629009B4B6F /* Debug */,
				184938E81DCA3629009B4B6F /* Release */,
			);
			defaultConfigurationIsVisible = 0;
			defaultConfigurationName = Release;
		};
/* End XCConfigurationList section */
	};
	rootObject = 184938D71DCA3629009B4B6F /* Project object */;
}
