
Microsoft Visual Studio Solution File, Format Version 12.00
# Visual Studio 14
VisualStudioVersion = 14.0.25420.1
MinimumVisualStudioVersion = 10.0.40219.1
Project("{8BC9CEB8-8B4A-11D0-8D11-00A0C91BC942}") = "ConCatch", "ConCatch\ConCatch.vcxproj", "{2495311D-8DC3-4637-A449-6F2A959DCCFD}"
EndProject
Project("{FAE04EC0-301F-11D3-BF4B-00C04F79EFBC}") = "ConsoleApplication1", "ConsoleApplication1\ConsoleApplication1.csproj", "{923A8878-E24E-4B9D-8F9C-D90D32D8439A}"
EndProject
Global
	GlobalSection(SolutionConfigurationPlatforms) = preSolution
		Debug|Any CPU = Debug|Any CPU
		Debug|x64 = Debug|x64
		Debug|x86 = Debug|x86
		Release|Any CPU = Release|Any CPU
		Release|x64 = Release|x64
		Release|x86 = Release|x86
	EndGlobalSection
	GlobalSection(ProjectConfigurationPlatforms) = postSolution
		{2495311D-8DC3-4637-A449-6F2A959DCCFD}.Debug|Any CPU.ActiveCfg = Debug|Win32
		{2495311D-8DC3-4637-A449-6F2A959DCCFD}.Debug|x64.ActiveCfg = Debug|x64
		{2495311D-8DC3-4637-A449-6F2A959DCCFD}.Debug|x64.Build.0 = Debug|x64
		{2495311D-8DC3-4637-A449-6F2A959DCCFD}.Debug|x86.ActiveCfg = Debug|Win32
		{2495311D-8DC3-4637-A449-6F2A959DCCFD}.Debug|x86.Build.0 = Debug|Win32
		{2495311D-8DC3-4637-A449-6F2A959DCCFD}.Release|Any CPU.ActiveCfg = Release|Win32
		{2495311D-8DC3-4637-A449-6F2A959DCCFD}.Release|x64.ActiveCfg = Release|x64
		{2495311D-8DC3-4637-A449-6F2A959DCCFD}.Release|x64.Build.0 = Release|x64
		{2495311D-8DC3-4637-A449-6F2A959DCCFD}.Release|x86.ActiveCfg = Release|Win32
		{2495311D-8DC3-4637-A449-6F2A959DCCFD}.Release|x86.Build.0 = Release|Win32
		{923A8878-E24E-4B9D-8F9C-D90D32D8439A}.Debug|Any CPU.ActiveCfg = Debug|Any CPU
		{923A8878-E24E-4B9D-8F9C-D90D32D8439A}.Debug|Any CPU.Build.0 = Debug|Any CPU
		{923A8878-E24E-4B9D-8F9C-D90D32D8439A}.Debug|x64.ActiveCfg = Debug|Any CPU
		{923A8878-E24E-4B9D-8F9C-D90D32D8439A}.Debug|x64.Build.0 = Debug|Any CPU
		{923A8878-E24E-4B9D-8F9C-D90D32D8439A}.Debug|x86.ActiveCfg = Debug|Any CPU
		{923A8878-E24E-4B9D-8F9C-D90D32D8439A}.Debug|x86.Build.0 = Debug|Any CPU
		{923A8878-E24E-4B9D-8F9C-D90D32D8439A}.Release|Any CPU.ActiveCfg = Release|Any CPU
		{923A8878-E24E-4B9D-8F9C-D90D32D8439A}.Release|Any CPU.Build.0 = Release|Any CPU
		{923A8878-E24E-4B9D-8F9C-D90D32D8439A}.Release|x64.ActiveCfg = Release|Any CPU
		{923A8878-E24E-4B9D-8F9C-D90D32D8439A}.Release|x64.Build.0 = Release|Any CPU
		{923A8878-E24E-4B9D-8F9C-D90D32D8439A}.Release|x86.ActiveCfg = Release|Any CPU
		{923A8878-E24E-4B9D-8F9C-D90D32D8439A}.Release|x86.Build.0 = Release|Any CPU
	EndGlobalSection
	GlobalSection(SolutionProperties) = preSolution
		HideSolutionNode = FALSE
	EndGlobalSection
EndGlobal
