// !$*UTF8*$!
{
	archiveVersion = 1;
	classes = {
	};
	objectVersion = 46;
	objects = {

/* Begin PBXBuildFile section */
		1834D9401E02E2F100E2B8E5 /* bfs_test.cpp in Sources */ = {isa = PBXBuildFile; fileRef = 1834D93E1E02E2F100E2B8E5 /* bfs_test.cpp */; };
		18618A721DE1E30C0002D1C0 /* main.c in Sources */ = {isa = PBXBuildFile; fileRef = 18618A711DE1E30C0002D1C0 /* main.c */; };
/* End PBXBuildFile section */

/* Begin PBXCopyFilesBuildPhase section */
		18618A6C1DE1E30C0002D1C0 /* CopyFiles */ = {
			isa = PBXCopyFilesBuildPhase;
			buildActionMask = 2147483647;
			dstPath = /usr/share/man/man1/;
			dstSubfolderSpec = 0;
			files = (
			);
			runOnlyForDeploymentPostprocessing = 1;
		};
/* End PBXCopyFilesBuildPhase section */

/* Begin PBXFileReference section */
		1834D93E1E02E2F100E2B8E5 /* bfs_test.cpp */ = {isa = PBXFileReference; fileEncoding = 4; lastKnownFileType = sourcecode.cpp.cpp; path = bfs_test.cpp; sourceTree = "<group>"; };
		1834D93F1E02E2F100E2B8E5 /* bfs_test.hpp */ = {isa = PBXFileReference; fileEncoding = 4; lastKnownFileType = sourcecode.cpp.h; path = bfs_test.hpp; sourceTree = "<group>"; };
		18618A6E1DE1E30C0002D1C0 /* DSGraph */ = {isa = PBXFileReference; explicitFileType = "compiled.mach-o.executable"; includeInIndex = 0; path = DSGraph; sourceTree = BUILT_PRODUCTS_DIR; };
		18618A711DE1E30C0002D1C0 /* main.c */ = {isa = PBXFileReference; lastKnownFileType = sourcecode.c.c; path = main.c; sourceTree = "<group>"; };
/* End PBXFileReference section */

/* Begin PBXFrameworksBuildPhase section */
		18618A6B1DE1E30C0002D1C0 /* Frameworks */ = {
			isa = PBXFrameworksBuildPhase;
			buildActionMask = 2147483647;
			files = (
			);
			runOnlyForDeploymentPostprocessing = 0;
		};
/* End PBXFrameworksBuildPhase section */

/* Begin PBXGroup section */
		18618A651DE1E30C0002D1C0 = {
			isa = PBXGroup;
			children = (
				18618A701DE1E30C0002D1C0 /* DSGraph */,
				18618A6F1DE1E30C0002D1C0 /* Products */,
			);
			sourceTree = "<group>";
		};
		18618A6F1DE1E30C0002D1C0 /* Products */ = {
			isa = PBXGroup;
			children = (
				18618A6E1DE1E30C0002D1C0 /* DSGraph */,
			);
			name = Products;
			sourceTree = "<group>";
		};
		18618A701DE1E30C0002D1C0 /* DSGraph */ = {
			isa = PBXGroup;
			children = (
				18618A711DE1E30C0002D1C0 /* main.c */,
				1834D93E1E02E2F100E2B8E5 /* bfs_test.cpp */,
				1834D93F1E02E2F100E2B8E5 /* bfs_test.hpp */,
			);
			path = DSGraph;
			sourceTree = "<group>";
		};
/* End PBXGroup section */

/* Begin PBXNativeTarget section */
		18618A6D1DE1E30C0002D1C0 /* DSGraph */ = {
			isa = PBXNativeTarget;
			buildConfigurationList = 18618A751DE1E30C0002D1C0 /* Build configuration list for PBXNativeTarget "DSGraph" */;
			buildPhases = (
				18618A6A1DE1E30C0002D1C0 /* Sources */,
				18618A6B1DE1E30C0002D1C0 /* Frameworks */,
				18618A6C1DE1E30C0002D1C0 /* CopyFiles */,
			);
			buildRules = (
			);
			dependencies = (
			);
			name = DSGraph;
			productName = DSGraph;
			productReference = 18618A6E1DE1E30C0002D1C0 /* DSGraph */;
			productType = "com.apple.product-type.tool";
		};
/* End PBXNativeTarget section */

/* Begin PBXProject section */
		18618A661DE1E30C0002D1C0 /* Project object */ = {
			isa = PBXProject;
			attributes = {
				LastUpgradeCheck = 0800;
				ORGANIZATIONNAME = apple;
				TargetAttributes = {
					18618A6D1DE1E30C0002D1C0 = {
						CreatedOnToolsVersion = 8.0;
						DevelopmentTeam = F2QSDY2JN7;
						ProvisioningStyle = Automatic;
					};
				};
			};
			buildConfigurationList = 18618A691DE1E30C0002D1C0 /* Build configuration list for PBXProject "DSGraph" */;
			compatibilityVersion = "Xcode 3.2";
			developmentRegion = English;
			hasScannedForEncodings = 0;
			knownRegions = (
				en,
			);
			mainGroup = 18618A651DE1E30C0002D1C0;
			productRefGroup = 18618A6F1DE1E30C0002D1C0 /* Products */;
			projectDirPath = "";
			projectRoot = "";
			targets = (
				18618A6D1DE1E30C0002D1C0 /* DSGraph */,
			);
		};
/* End PBXProject section */

/* Begin PBXSourcesBuildPhase section */
		18618A6A1DE1E30C0002D1C0 /* Sources */ = {
			isa = PBXSourcesBuildPhase;
			buildActionMask = 2147483647;
			files = (
				18618A721DE1E30C0002D1C0 /* main.c in Sources */,
				1834D9401E02E2F100E2B8E5 /* bfs_test.cpp in Sources */,
			);
			runOnlyForDeploymentPostprocessing = 0;
		};
/* End PBXSourcesBuildPhase section */

/* Begin XCBuildConfiguration section */
		18618A731DE1E30C0002D1C0 /* Debug */ = {
			isa = XCBuildConfiguration;
			buildSettings = {
				ALWAYS_SEARCH_USER_PATHS = NO;
				CLANG_ANALYZER_NONNULL = YES;
				CLANG_CXX_LANGUAGE_STANDARD = "gnu++0x";
				CLANG_CXX_LIBRARY = "libc++";
				CLANG_ENABLE_MODULES = YES;
				CLANG_ENABLE_OBJC_ARC = YES;
				CLANG_WARN_BOOL_CONVERSION = YES;
				CLANG_WARN_CONSTANT_CONVERSION = YES;
				CLANG_WARN_DIRECT_OBJC_ISA_USAGE = YES_ERROR;
				CLANG_WARN_DOCUMENTATION_COMMENTS = YES;
				CLANG_WARN_EMPTY_BODY = YES;
				CLANG_WARN_ENUM_CONVERSION = YES;
				CLANG_WARN_INFINITE_RECURSION = YES;
				CLANG_WARN_INT_CONVERSION = YES;
				CLANG_WARN_OBJC_ROOT_CLASS = YES_ERROR;
				CLANG_WARN_SUSPICIOUS_MOVES = YES;
				CLANG_WARN_UNREACHABLE_CODE = YES;
				CLANG_WARN__DUPLICATE_METHOD_MATCH = YES;
				CODE_SIGN_IDENTITY = "-";
				COPY_PHASE_STRIP = NO;
				DEBUG_INFORMATION_FORMAT = dwarf;
				ENABLE_STRICT_OBJC_MSGSEND = YES;
				ENABLE_TESTABILITY = YES;
				GCC_C_LANGUAGE_STANDARD = gnu99;
				GCC_DYNAMIC_NO_PIC = NO;
				GCC_NO_COMMON_BLOCKS = YES;
				GCC_OPTIMIZATION_LEVEL = 0;
				GCC_PREPROCESSOR_DEFINITIONS = (
					"DEBUG=1",
					"$(inherited)",
				);
				GCC_WARN_64_TO_32_BIT_CONVERSION = YES;
				GCC_WARN_ABOUT_RETURN_TYPE = YES_ERROR;
				GCC_WARN_UNDECLARED_SELECTOR = YES;
				GCC_WARN_UNINITIALIZED_AUTOS = YES_AGGRESSIVE;
				GCC_WARN_UNUSED_FUNCTION = YES;
				GCC_WARN_UNUSED_VARIABLE = YES;
				MACOSX_DEPLOYMENT_TARGET = 10.11;
				MTL_ENABLE_DEBUG_INFO = YES;
				ONLY_ACTIVE_ARCH = YES;
				SDKROOT = macosx;
			};
			name = Debug;
		};
		18618A741DE1E30C0002D1C0 /* Release */ = {
			isa = XCBuildConfiguration;
			buildSettings = {
				ALWAYS_SEARCH_USER_PATHS = NO;
				CLANG_ANALYZER_NONNULL = YES;
				CLANG_CXX_LANGUAGE_STANDARD = "gnu++0x";
				CLANG_CXX_LIBRARY = "libc++";
				CLANG_ENABLE_MODULES = YES;
				CLANG_ENABLE_OBJC_ARC = YES;
				CLANG_WARN_BOOL_CONVERSION = YES;
				CLANG_WARN_CONSTANT_CONVERSION = YES;
				CLANG_WARN_DIRECT_OBJC_ISA_USAGE = YES_ERROR;
				CLANG_WARN_DOCUMENTATION_COMMENTS = YES;
				CLANG_WARN_EMPTY_BODY = YES;
				CLANG_WARN_ENUM_CONVERSION = YES;
				CLANG_WARN_INFINITE_RECURSION = YES;
				CLANG_WARN_INT_CONVERSION = YES;
				CLANG_WARN_OBJC_ROOT_CLASS = YES_ERROR;
				CLANG_WARN_SUSPICIOUS_MOVES = YES;
				CLANG_WARN_UNREACHABLE_CODE = YES;
				CLANG_WARN__DUPLICATE_METHOD_MATCH = YES;
				CODE_SIGN_IDENTITY = "-";
				COPY_PHASE_STRIP = NO;
				DEBUG_INFORMATION_FORMAT = "dwarf-with-dsym";
				ENABLE_NS_ASSERTIONS = NO;
				ENABLE_STRICT_OBJC_MSGSEND = YES;
				GCC_C_LANGUAGE_STANDARD = gnu99;
				GCC_NO_COMMON_BLOCKS = YES;
				GCC_WARN_64_TO_32_BIT_CONVERSION = YES;
				GCC_WARN_ABOUT_RETURN_TYPE = YES_ERROR;
				GCC_WARN_UNDECLARED_SELECTOR = YES;
				GCC_WARN_UNINITIALIZED_AUTOS = YES_AGGRESSIVE;
				GCC_WARN_UNUSED_FUNCTION = YES;
				GCC_WARN_UNUSED_VARIABLE = YES;
				MACOSX_DEPLOYMENT_TARGET = 10.11;
				MTL_ENABLE_DEBUG_INFO = NO;
				SDKROOT = macosx;
			};
			name = Release;
		};
		18618A761DE1E30C0002D1C0 /* Debug */ = {
			isa = XCBuildConfiguration;
			buildSettings = {
				DEVELOPMENT_TEAM = F2QSDY2JN7;
				PRODUCT_NAME = "$(TARGET_NAME)";
			};
			name = Debug;
		};
		18618A771DE1E30C0002D1C0 /* Release */ = {
			isa = XCBuildConfiguration;
			buildSettings = {
				DEVELOPMENT_TEAM = F2QSDY2JN7;
				PRODUCT_NAME = "$(TARGET_NAME)";
			};
			name = Release;
		};
/* End XCBuildConfiguration section */

/* Begin XCConfigurationList section */
		18618A691DE1E30C0002D1C0 /* Build configuration list for PBXProject "DSGraph" */ = {
			isa = XCConfigurationList;
			buildConfigurations = (
				18618A731DE1E30C0002D1C0 /* Debug */,
				18618A741DE1E30C0002D1C0 /* Release */,
			);
			defaultConfigurationIsVisible = 0;
			defaultConfigurationName = Release;
		};
		18618A751DE1E30C0002D1C0 /* Build configuration list for PBXNativeTarget "DSGraph" */ = {
			isa = XCConfigurationList;
			buildConfigurations = (
				18618A761DE1E30C0002D1C0 /* Debug */,
				18618A771DE1E30C0002D1C0 /* Release */,
			);
			defaultConfigurationIsVisible = 0;
			defaultConfigurationName = Release;
		};
/* End XCConfigurationList section */
	};
	rootObject = 18618A661DE1E30C0002D1C0 /* Project object */;
}
