
Microsoft Visual Studio Solution File, Format Version 12.00
# Visual Studio 14
VisualStudioVersion = 14.0.25420.1
MinimumVisualStudioVersion = 10.0.40219.1
Project("{8BC9CEB8-8B4A-11D0-8D11-00A0C91BC942}") = "Constemp_", "ConsoleApplication2\ConsoleApplication2.vcxproj", "{48B52A08-D12E-4F75-9557-B993F31E81C9}"
EndProject
Project("{8BC9CEB8-8B4A-11D0-8D11-00A0C91BC942}") = "ConsoleGraphBook", "ConsoleGraph\ConsoleGraph.vcxproj", "{E6B883F1-56B6-459A-AF39-76C2BFA7613E}"
EndProject
Project("{8BC9CEB8-8B4A-11D0-8D11-00A0C91BC942}") = "LogTest", "LogTest\LogTest.vcxproj", "{3126C059-A18D-44A6-BB36-7E3E6F5DC1A7}"
EndProject
Project("{8BC9CEB8-8B4A-11D0-8D11-00A0C91BC942}") = "ConsGraphYale", "ConsGraphYale\ConsGraphYale.vcxproj", "{A8597FE3-FEB6-48D6-85BE-B709BE4A6071}"
EndProject
Project("{8BC9CEB8-8B4A-11D0-8D11-00A0C91BC942}") = "ConsoleDbgLog", "..\ConsoleApplication1\ConsoleApplication1\ConsoleApplication1.vcxproj", "{1632E76E-045D-4349-A1EE-93FCF0CF8A41}"
EndProject
Project("{8BC9CEB8-8B4A-11D0-8D11-00A0C91BC942}") = "ConsolGraphT", "ConsolGraphT\ConsolGraphT.vcxproj", "{EF8ACDCE-9C29-4278-AD46-EDE90D415982}"
EndProject
Project("{8BC9CEB8-8B4A-11D0-8D11-00A0C91BC942}") = "Graph_Treavase", "ConsoleApplication3\ConsoleApplication3.vcxproj", "{8396EE8C-3913-4859-8BCE-DCA50B86B4D3}"
EndProject
Project("{8BC9CEB8-8B4A-11D0-8D11-00A0C91BC942}") = "ConsoleDllTest", "ConsoleDllTest\ConsoleDllTest.vcxproj", "{3D82BC05-392E-40B6-8EF1-11CA43A21B5D}"
EndProject
Project("{8BC9CEB8-8B4A-11D0-8D11-00A0C91BC942}") = "ConsoleLib", "ConsoleLib\ConsoleLib.vcxproj", "{BD2F2492-AE5A-4457-ABB4-97179B99D2C1}"
EndProject
Project("{8BC9CEB8-8B4A-11D0-8D11-00A0C91BC942}") = "ConsGraph__", "ConsGraph__\ConsGraph__.vcxproj", "{34D0E866-3472-4CAA-89E8-6AAAC732C68F}"
EndProject
Project("{8BC9CEB8-8B4A-11D0-8D11-00A0C91BC942}") = "ConsoleAjaxList_st", "ConsoleApplication4\ConsoleApplication4.vcxproj", "{0D9499CA-0B92-47F6-A4E1-65BCD3350703}"
EndProject
Project("{8BC9CEB8-8B4A-11D0-8D11-00A0C91BC942}") = "ConsoleDFS_path", "ConsoleDFS_path\ConsoleDFS_path.vcxproj", "{DD2CE8F5-62DE-4BD2-96EF-72D6EE2B3783}"
EndProject
Project("{8BC9CEB8-8B4A-11D0-8D11-00A0C91BC942}") = "Con_LeastSquares", "Con_LeastSquares\Con_LeastSquares.vcxproj", "{36FC02D1-230B-4183-A77C-252257E7CD1E}"
EndProject
Project("{8BC9CEB8-8B4A-11D0-8D11-00A0C91BC942}") = "ConsBB", "ConsBB\ConsBB.vcxproj", "{0202919E-CDD7-403C-954E-307AD12DC9EB}"
EndProject
Global
	GlobalSection(SolutionConfigurationPlatforms) = preSolution
		Debug|x64 = Debug|x64
		Debug|x86 = Debug|x86
		Release|x64 = Release|x64
		Release|x86 = Release|x86
	EndGlobalSection
	GlobalSection(ProjectConfigurationPlatforms) = postSolution
		{48B52A08-D12E-4F75-9557-B993F31E81C9}.Debug|x64.ActiveCfg = Debug|x64
		{48B52A08-D12E-4F75-9557-B993F31E81C9}.Debug|x64.Build.0 = Debug|x64
		{48B52A08-D12E-4F75-9557-B993F31E81C9}.Debug|x86.ActiveCfg = Debug|Win32
		{48B52A08-D12E-4F75-9557-B993F31E81C9}.Debug|x86.Build.0 = Debug|Win32
		{48B52A08-D12E-4F75-9557-B993F31E81C9}.Release|x64.ActiveCfg = Release|x64
		{48B52A08-D12E-4F75-9557-B993F31E81C9}.Release|x64.Build.0 = Release|x64
		{48B52A08-D12E-4F75-9557-B993F31E81C9}.Release|x86.ActiveCfg = Release|Win32
		{48B52A08-D12E-4F75-9557-B993F31E81C9}.Release|x86.Build.0 = Release|Win32
		{E6B883F1-56B6-459A-AF39-76C2BFA7613E}.Debug|x64.ActiveCfg = Debug|x64
		{E6B883F1-56B6-459A-AF39-76C2BFA7613E}.Debug|x64.Build.0 = Debug|x64
		{E6B883F1-56B6-459A-AF39-76C2BFA7613E}.Debug|x86.ActiveCfg = Debug|Win32
		{E6B883F1-56B6-459A-AF39-76C2BFA7613E}.Debug|x86.Build.0 = Debug|Win32
		{E6B883F1-56B6-459A-AF39-76C2BFA7613E}.Release|x64.ActiveCfg = Release|x64
		{E6B883F1-56B6-459A-AF39-76C2BFA7613E}.Release|x64.Build.0 = Release|x64
		{E6B883F1-56B6-459A-AF39-76C2BFA7613E}.Release|x86.ActiveCfg = Release|Win32
		{E6B883F1-56B6-459A-AF39-76C2BFA7613E}.Release|x86.Build.0 = Release|Win32
		{3126C059-A18D-44A6-BB36-7E3E6F5DC1A7}.Debug|x64.ActiveCfg = Debug|x64
		{3126C059-A18D-44A6-BB36-7E3E6F5DC1A7}.Debug|x64.Build.0 = Debug|x64
		{3126C059-A18D-44A6-BB36-7E3E6F5DC1A7}.Debug|x86.ActiveCfg = Debug|Win32
		{3126C059-A18D-44A6-BB36-7E3E6F5DC1A7}.Debug|x86.Build.0 = Debug|Win32
		{3126C059-A18D-44A6-BB36-7E3E6F5DC1A7}.Release|x64.ActiveCfg = Release|x64
		{3126C059-A18D-44A6-BB36-7E3E6F5DC1A7}.Release|x64.Build.0 = Release|x64
		{3126C059-A18D-44A6-BB36-7E3E6F5DC1A7}.Release|x86.ActiveCfg = Release|Win32
		{3126C059-A18D-44A6-BB36-7E3E6F5DC1A7}.Release|x86.Build.0 = Release|Win32
		{A8597FE3-FEB6-48D6-85BE-B709BE4A6071}.Debug|x64.ActiveCfg = Debug|x64
		{A8597FE3-FEB6-48D6-85BE-B709BE4A6071}.Debug|x64.Build.0 = Debug|x64
		{A8597FE3-FEB6-48D6-85BE-B709BE4A6071}.Debug|x86.ActiveCfg = Debug|Win32
		{A8597FE3-FEB6-48D6-85BE-B709BE4A6071}.Debug|x86.Build.0 = Debug|Win32
		{A8597FE3-FEB6-48D6-85BE-B709BE4A6071}.Release|x64.ActiveCfg = Release|x64
		{A8597FE3-FEB6-48D6-85BE-B709BE4A6071}.Release|x64.Build.0 = Release|x64
		{A8597FE3-FEB6-48D6-85BE-B709BE4A6071}.Release|x86.ActiveCfg = Release|Win32
		{A8597FE3-FEB6-48D6-85BE-B709BE4A6071}.Release|x86.Build.0 = Release|Win32
		{1632E76E-045D-4349-A1EE-93FCF0CF8A41}.Debug|x64.ActiveCfg = Debug|x64
		{1632E76E-045D-4349-A1EE-93FCF0CF8A41}.Debug|x64.Build.0 = Debug|x64
		{1632E76E-045D-4349-A1EE-93FCF0CF8A41}.Debug|x86.ActiveCfg = Debug|Win32
		{1632E76E-045D-4349-A1EE-93FCF0CF8A41}.Debug|x86.Build.0 = Debug|Win32
		{1632E76E-045D-4349-A1EE-93FCF0CF8A41}.Release|x64.ActiveCfg = Release|x64
		{1632E76E-045D-4349-A1EE-93FCF0CF8A41}.Release|x64.Build.0 = Release|x64
		{1632E76E-045D-4349-A1EE-93FCF0CF8A41}.Release|x86.ActiveCfg = Release|Win32
		{1632E76E-045D-4349-A1EE-93FCF0CF8A41}.Release|x86.Build.0 = Release|Win32
		{EF8ACDCE-9C29-4278-AD46-EDE90D415982}.Debug|x64.ActiveCfg = Debug|x64
		{EF8ACDCE-9C29-4278-AD46-EDE90D415982}.Debug|x64.Build.0 = Debug|x64
		{EF8ACDCE-9C29-4278-AD46-EDE90D415982}.Debug|x86.ActiveCfg = Debug|Win32
		{EF8ACDCE-9C29-4278-AD46-EDE90D415982}.Debug|x86.Build.0 = Debug|Win32
		{EF8ACDCE-9C29-4278-AD46-EDE90D415982}.Release|x64.ActiveCfg = Release|x64
		{EF8ACDCE-9C29-4278-AD46-EDE90D415982}.Release|x64.Build.0 = Release|x64
		{EF8ACDCE-9C29-4278-AD46-EDE90D415982}.Release|x86.ActiveCfg = Release|Win32
		{EF8ACDCE-9C29-4278-AD46-EDE90D415982}.Release|x86.Build.0 = Release|Win32
		{8396EE8C-3913-4859-8BCE-DCA50B86B4D3}.Debug|x64.ActiveCfg = Debug|x64
		{8396EE8C-3913-4859-8BCE-DCA50B86B4D3}.Debug|x64.Build.0 = Debug|x64
		{8396EE8C-3913-4859-8BCE-DCA50B86B4D3}.Debug|x86.ActiveCfg = Debug|Win32
		{8396EE8C-3913-4859-8BCE-DCA50B86B4D3}.Debug|x86.Build.0 = Debug|Win32
		{8396EE8C-3913-4859-8BCE-DCA50B86B4D3}.Release|x64.ActiveCfg = Release|x64
		{8396EE8C-3913-4859-8BCE-DCA50B86B4D3}.Release|x64.Build.0 = Release|x64
		{8396EE8C-3913-4859-8BCE-DCA50B86B4D3}.Release|x86.ActiveCfg = Release|Win32
		{8396EE8C-3913-4859-8BCE-DCA50B86B4D3}.Release|x86.Build.0 = Release|Win32
		{3D82BC05-392E-40B6-8EF1-11CA43A21B5D}.Debug|x64.ActiveCfg = Debug|x64
		{3D82BC05-392E-40B6-8EF1-11CA43A21B5D}.Debug|x64.Build.0 = Debug|x64
		{3D82BC05-392E-40B6-8EF1-11CA43A21B5D}.Debug|x86.ActiveCfg = Debug|Win32
		{3D82BC05-392E-40B6-8EF1-11CA43A21B5D}.Debug|x86.Build.0 = Debug|Win32
		{3D82BC05-392E-40B6-8EF1-11CA43A21B5D}.Release|x64.ActiveCfg = Release|x64
		{3D82BC05-392E-40B6-8EF1-11CA43A21B5D}.Release|x64.Build.0 = Release|x64
		{3D82BC05-392E-40B6-8EF1-11CA43A21B5D}.Release|x86.ActiveCfg = Release|Win32
		{3D82BC05-392E-40B6-8EF1-11CA43A21B5D}.Release|x86.Build.0 = Release|Win32
		{BD2F2492-AE5A-4457-ABB4-97179B99D2C1}.Debug|x64.ActiveCfg = Debug|x64
		{BD2F2492-AE5A-4457-ABB4-97179B99D2C1}.Debug|x64.Build.0 = Debug|x64
		{BD2F2492-AE5A-4457-ABB4-97179B99D2C1}.Debug|x86.ActiveCfg = Debug|Win32
		{BD2F2492-AE5A-4457-ABB4-97179B99D2C1}.Debug|x86.Build.0 = Debug|Win32
		{BD2F2492-AE5A-4457-ABB4-97179B99D2C1}.Release|x64.ActiveCfg = Release|x64
		{BD2F2492-AE5A-4457-ABB4-97179B99D2C1}.Release|x64.Build.0 = Release|x64
		{BD2F2492-AE5A-4457-ABB4-97179B99D2C1}.Release|x86.ActiveCfg = Release|Win32
		{BD2F2492-AE5A-4457-ABB4-97179B99D2C1}.Release|x86.Build.0 = Release|Win32
		{34D0E866-3472-4CAA-89E8-6AAAC732C68F}.Debug|x64.ActiveCfg = Debug|x64
		{34D0E866-3472-4CAA-89E8-6AAAC732C68F}.Debug|x64.Build.0 = Debug|x64
		{34D0E866-3472-4CAA-89E8-6AAAC732C68F}.Debug|x86.ActiveCfg = Debug|Win32
		{34D0E866-3472-4CAA-89E8-6AAAC732C68F}.Debug|x86.Build.0 = Debug|Win32
		{34D0E866-3472-4CAA-89E8-6AAAC732C68F}.Release|x64.ActiveCfg = Release|x64
		{34D0E866-3472-4CAA-89E8-6AAAC732C68F}.Release|x64.Build.0 = Release|x64
		{34D0E866-3472-4CAA-89E8-6AAAC732C68F}.Release|x86.ActiveCfg = Release|Win32
		{34D0E866-3472-4CAA-89E8-6AAAC732C68F}.Release|x86.Build.0 = Release|Win32
		{0D9499CA-0B92-47F6-A4E1-65BCD3350703}.Debug|x64.ActiveCfg = Debug|x64
		{0D9499CA-0B92-47F6-A4E1-65BCD3350703}.Debug|x64.Build.0 = Debug|x64
		{0D9499CA-0B92-47F6-A4E1-65BCD3350703}.Debug|x86.ActiveCfg = Debug|Win32
		{0D9499CA-0B92-47F6-A4E1-65BCD3350703}.Debug|x86.Build.0 = Debug|Win32
		{0D9499CA-0B92-47F6-A4E1-65BCD3350703}.Release|x64.ActiveCfg = Release|x64
		{0D9499CA-0B92-47F6-A4E1-65BCD3350703}.Release|x64.Build.0 = Release|x64
		{0D9499CA-0B92-47F6-A4E1-65BCD3350703}.Release|x86.ActiveCfg = Release|Win32
		{0D9499CA-0B92-47F6-A4E1-65BCD3350703}.Release|x86.Build.0 = Release|Win32
		{DD2CE8F5-62DE-4BD2-96EF-72D6EE2B3783}.Debug|x64.ActiveCfg = Debug|x64
		{DD2CE8F5-62DE-4BD2-96EF-72D6EE2B3783}.Debug|x64.Build.0 = Debug|x64
		{DD2CE8F5-62DE-4BD2-96EF-72D6EE2B3783}.Debug|x86.ActiveCfg = Debug|Win32
		{DD2CE8F5-62DE-4BD2-96EF-72D6EE2B3783}.Debug|x86.Build.0 = Debug|Win32
		{DD2CE8F5-62DE-4BD2-96EF-72D6EE2B3783}.Release|x64.ActiveCfg = Release|x64
		{DD2CE8F5-62DE-4BD2-96EF-72D6EE2B3783}.Release|x64.Build.0 = Release|x64
		{DD2CE8F5-62DE-4BD2-96EF-72D6EE2B3783}.Release|x86.ActiveCfg = Release|Win32
		{DD2CE8F5-62DE-4BD2-96EF-72D6EE2B3783}.Release|x86.Build.0 = Release|Win32
		{36FC02D1-230B-4183-A77C-252257E7CD1E}.Debug|x64.ActiveCfg = Debug|x64
		{36FC02D1-230B-4183-A77C-252257E7CD1E}.Debug|x64.Build.0 = Debug|x64
		{36FC02D1-230B-4183-A77C-252257E7CD1E}.Debug|x86.ActiveCfg = Debug|Win32
		{36FC02D1-230B-4183-A77C-252257E7CD1E}.Debug|x86.Build.0 = Debug|Win32
		{36FC02D1-230B-4183-A77C-252257E7CD1E}.Release|x64.ActiveCfg = Release|x64
		{36FC02D1-230B-4183-A77C-252257E7CD1E}.Release|x64.Build.0 = Release|x64
		{36FC02D1-230B-4183-A77C-252257E7CD1E}.Release|x86.ActiveCfg = Release|Win32
		{36FC02D1-230B-4183-A77C-252257E7CD1E}.Release|x86.Build.0 = Release|Win32
		{0202919E-CDD7-403C-954E-307AD12DC9EB}.Debug|x64.ActiveCfg = Debug|x64
		{0202919E-CDD7-403C-954E-307AD12DC9EB}.Debug|x64.Build.0 = Debug|x64
		{0202919E-CDD7-403C-954E-307AD12DC9EB}.Debug|x86.ActiveCfg = Debug|Win32
		{0202919E-CDD7-403C-954E-307AD12DC9EB}.Debug|x86.Build.0 = Debug|Win32
		{0202919E-CDD7-403C-954E-307AD12DC9EB}.Release|x64.ActiveCfg = Release|x64
		{0202919E-CDD7-403C-954E-307AD12DC9EB}.Release|x64.Build.0 = Release|x64
		{0202919E-CDD7-403C-954E-307AD12DC9EB}.Release|x86.ActiveCfg = Release|Win32
		{0202919E-CDD7-403C-954E-307AD12DC9EB}.Release|x86.Build.0 = Release|Win32
	EndGlobalSection
	GlobalSection(SolutionProperties) = preSolution
		HideSolutionNode = FALSE
	EndGlobalSection
EndGlobal
